dependencies:
- name: common
  repository: https://library-charts.truecharts.org
  version: 11.1.2
- name: memcached
  repository: https://charts.truecharts.org/
  version: 5.0.24
digest: sha256:4833fca262e4bf36be4535e490be89a0ec797488e0268326ccae01ab85dc68e2
generated: "2023-01-29T21:15:29.691196178Z"
